
Microsoft Visual Studio Solution File, Format Version 12.00
# Visual Studio Version 17
VisualStudioVersion = 17.8.34511.84
MinimumVisualStudioVersion = 10.0.40219.1
Project("{FAE04EC0-301F-11D3-BF4B-00C04F79EFBC}") = "ParkAndFlyAdministrationClient", "ParkAndFlyAdministrationClient\ParkAndFlyAdministrationClient.csproj", "{97F47597-C843-4153-9688-042641B31588}"
EndProject
Project("{FAE04EC0-301F-11D3-BF4B-00C04F79EFBC}") = "ParkAndFlyAdministrationClient.Client", "ParkAndFlyAdministrationClient.Client\ParkAndFlyAdministrationClient.Client.csproj", "{A8A37B19-4CD3-4518-84E1-86F026F19240}"
EndProject
Global
	GlobalSection(SolutionConfigurationPlatforms) = preSolution
		Debug|Any CPU = Debug|Any CPU
		Release|Any CPU = Release|Any CPU
	EndGlobalSection
	GlobalSection(ProjectConfigurationPlatforms) = postSolution
		{97F47597-C843-4153-9688-042641B31588}.Debug|Any CPU.ActiveCfg = Debug|Any CPU
		{97F47597-C843-4153-9688-042641B31588}.Debug|Any CPU.Build.0 = Debug|Any CPU
		{97F47597-C843-4153-9688-042641B31588}.Release|Any CPU.ActiveCfg = Release|Any CPU
		{97F47597-C843-4153-9688-042641B31588}.Release|Any CPU.Build.0 = Release|Any CPU
		{A8A37B19-4CD3-4518-84E1-86F026F19240}.Debug|Any CPU.ActiveCfg = Debug|Any CPU
		{A8A37B19-4CD3-4518-84E1-86F026F19240}.Debug|Any CPU.Build.0 = Debug|Any CPU
		{A8A37B19-4CD3-4518-84E1-86F026F19240}.Release|Any CPU.ActiveCfg = Release|Any CPU
		{A8A37B19-4CD3-4518-84E1-86F026F19240}.Release|Any CPU.Build.0 = Release|Any CPU
	EndGlobalSection
	GlobalSection(SolutionProperties) = preSolution
		HideSolutionNode = FALSE
	EndGlobalSection
	GlobalSection(ExtensibilityGlobals) = postSolution
		SolutionGuid = {8F460917-D09B-4437-AF70-BD1E8E4D2735}
	EndGlobalSection
EndGlobal
